
Microsoft Visual Studio Solution File, Format Version 12.00
# Visual Studio Version 17
VisualStudioVersion = 17.4.33205.214
MinimumVisualStudioVersion = 10.0.40219.1
Project("{FAE04EC0-301F-11D3-BF4B-00C04F79EFBC}") = "dreturns_app", "dreturns_app.csproj", "{942E4F5B-2CF3-4146-BE82-000F0546220A}"
EndProject
Global
	GlobalSection(SolutionConfigurationPlatforms) = preSolution
		Debug|Any CPU = Debug|Any CPU
		Release|Any CPU = Release|Any CPU
	EndGlobalSection
	GlobalSection(ProjectConfigurationPlatforms) = postSolution
		{942E4F5B-2CF3-4146-BE82-000F0546220A}.Debug|Any CPU.ActiveCfg = Debug|Any CPU
		{942E4F5B-2CF3-4146-BE82-000F0546220A}.Debug|Any CPU.Build.0 = Debug|Any CPU
		{942E4F5B-2CF3-4146-BE82-000F0546220A}.Release|Any CPU.ActiveCfg = Release|Any CPU
		{942E4F5B-2CF3-4146-BE82-000F0546220A}.Release|Any CPU.Build.0 = Release|Any CPU
	EndGlobalSection
	GlobalSection(SolutionProperties) = preSolution
		HideSolutionNode = FALSE
	EndGlobalSection
	GlobalSection(ExtensibilityGlobals) = postSolution
		SolutionGuid = {97CB8EC1-6A3C-434E-AD4E-AD751A24946D}
	EndGlobalSection
EndGlobal
